
Microsoft Visual Studio Solution File, Format Version 12.00
# Visual Studio Version 17
VisualStudioVersion = 17.4.33205.214
MinimumVisualStudioVersion = 10.0.40219.1
Project("{FAE04EC0-301F-11D3-BF4B-00C04F79EFBC}") = "Assignment1", "Assignment1\Assignment1.csproj", "{AB436D42-8164-4943-9A4E-21C858E7DCA1}"
EndProject
Global
	GlobalSection(SolutionConfigurationPlatforms) = preSolution
		Debug|Any CPU = Debug|Any CPU
		Release|Any CPU = Release|Any CPU
	EndGlobalSection
	GlobalSection(ProjectConfigurationPlatforms) = postSolution
		{AB436D42-8164-4943-9A4E-21C858E7DCA1}.Debug|Any CPU.ActiveCfg = Debug|Any CPU
		{AB436D42-8164-4943-9A4E-21C858E7DCA1}.Debug|Any CPU.Build.0 = Debug|Any CPU
		{AB436D42-8164-4943-9A4E-21C858E7DCA1}.Release|Any CPU.ActiveCfg = Release|Any CPU
		{AB436D42-8164-4943-9A4E-21C858E7DCA1}.Release|Any CPU.Build.0 = Release|Any CPU
	EndGlobalSection
	GlobalSection(SolutionProperties) = preSolution
		HideSolutionNode = FALSE
	EndGlobalSection
	GlobalSection(ExtensibilityGlobals) = postSolution
		SolutionGuid = {D7F9767B-9730-4C98-91E2-47AC481FA6C5}
	EndGlobalSection
EndGlobal
